// !$*UTF8*$!
{
	archiveVersion = 1;
	classes = {
	};
	objectVersion = 50;
	objects = {

/* Begin PBXBuildFile section */
		10E0E56724AE76C000C2405C /* AppDelegate.swift in Sources */ = {isa = PBXBuildFile; fileRef = 10E0E56624AE76C000C2405C /* AppDelegate.swift */; };
		10E0E56924AE76C000C2405C /* SceneDelegate.swift in Sources */ = {isa = PBXBuildFile; fileRef = 10E0E56824AE76C000C2405C /* SceneDelegate.swift */; };
		10E0E56B24AE76C000C2405C /* ViewController.swift in Sources */ = {isa = PBXBuildFile; fileRef = 10E0E56A24AE76C000C2405C /* ViewController.swift */; };
		10E0E56E24AE76C000C2405C /* Main.storyboard in Resources */ = {isa = PBXBuildFile; fileRef = 10E0E56C24AE76C000C2405C /* Main.storyboard */; };
		10E0E57024AE76E600C2405C /* Assets.xcassets in Resources */ = {isa = PBXBuildFile; fileRef = 10E0E56F24AE76E600C2405C /* Assets.xcassets */; };
		10E0E57324AE76E600C2405C /* LaunchScreen.storyboard in Resources */ = {isa = PBXBuildFile; fileRef = 10E0E57124AE76E600C2405C /* LaunchScreen.storyboard */; };
		10E0E57C24AE975300C2405C /* WebKit.framework in Frameworks */ = {isa = PBXBuildFile; fileRef = 10E0E57B24AE975300C2405C /* WebKit.framework */; };
/* End PBXBuildFile section */

/* Begin PBXFileReference section */
		10E0E56324AE76C000C2405C /* WebViewPracticeApp.app */ = {isa = PBXFileReference; explicitFileType = wrapper.application; includeInIndex = 0; path = WebViewPracticeApp.app; sourceTree = BUILT_PRODUCTS_DIR; };
		10E0E56624AE76C000C2405C /* AppDelegate.swift */ = {isa = PBXFileReference; lastKnownFileType = sourcecode.swift; path = AppDelegate.swift; sourceTree = "<group>"; };
		10E0E56824AE76C000C2405C /* SceneDelegate.swift */ = {isa = PBXFileReference; lastKnownFileType = sourcecode.swift; path = SceneDelegate.swift; sourceTree = "<group>"; };
		10E0E56A24AE76C000C2405C /* ViewController.swift */ = {isa = PBXFileReference; lastKnownFileType = sourcecode.swift; path = ViewController.swift; sourceTree = "<group>"; };
		10E0E56D24AE76C000C2405C /* Base */ = {isa = PBXFileReference; lastKnownFileType = file.storyboard; name = Base; path = Base.lproj/Main.storyboard; sourceTree = "<group>"; };
		10E0E56F24AE76E600C2405C /* Assets.xcassets */ = {isa = PBXFileReference; lastKnownFileType = folder.assetcatalog; path = Assets.xcassets; sourceTree = "<group>"; };
		10E0E57224AE76E600C2405C /* Base */ = {isa = PBXFileReference; lastKnownFileType = file.storyboard; name = Base; path = Base.lproj/LaunchScreen.storyboard; sourceTree = "<group>"; };
		10E0E57424AE76E600C2405C /* Info.plist */ = {isa = PBXFileReference; lastKnownFileType = text.plist.xml; path = Info.plist; sourceTree = "<group>"; };
		10E0E57B24AE975300C2405C /* WebKit.framework */ = {isa = PBXFileReference; lastKnownFileType = wrapper.framework; name = WebKit.framework; path = System/Library/Frameworks/WebKit.framework; sourceTree = SDKROOT; };
/* End PBXFileReference section */

/* Begin PBXFrameworksBuildPhase section */
		10E0E56024AE76C000C2405C /* Frameworks */ = {
			isa = PBXFrameworksBuildPhase;
			buildActionMask = 2147483647;
			files = (
				10E0E57C24AE975300C2405C /* WebKit.framework in Frameworks */,
			);
			runOnlyForDeploymentPostprocessing = 0;
		};
/* End PBXFrameworksBuildPhase section */

/* Begin PBXGroup section */
		10E0E55A24AE76C000C2405C = {
			isa = PBXGroup;
			children = (
				10E0E56524AE76C000C2405C /* WebViewPracticeApp */,
				10E0E56424AE76C000C2405C /* Products */,
				10E0E57A24AE975300C2405C /* Frameworks */,
			);
			sourceTree = "<group>";
		};
		10E0E56424AE76C000C2405C /* Products */ = {
			isa = PBXGroup;
			children = (
				10E0E56324AE76C000C2405C /* WebViewPracticeApp.app */,
			);
			name = Products;
			sourceTree = "<group>";
		};
		10E0E56524AE76C000C2405C /* WebViewPracticeApp */ = {
			isa = PBXGroup;
			children = (
				10E0E56624AE76C000C2405C /* AppDelegate.swift */,
				10E0E56824AE76C000C2405C /* SceneDelegate.swift */,
				10E0E56A24AE76C000C2405C /* ViewController.swift */,
				10E0E56C24AE76C000C2405C /* Main.storyboard */,
				10E0E56F24AE76E600C2405C /* Assets.xcassets */,
				10E0E57124AE76E600C2405C /* LaunchScreen.storyboard */,
				10E0E57424AE76E600C2405C /* Info.plist */,
			);
			path = WebViewPracticeApp;
			sourceTree = "<group>";
		};
		10E0E57A24AE975300C2405C /* Frameworks */ = {
			isa = PBXGroup;
			children = (
				10E0E57B24AE975300C2405C /* WebKit.framework */,
			);
			name = Frameworks;
			sourceTree = "<group>";
		};
/* End PBXGroup section */

/* Begin PBXNativeTarget section */
		10E0E56224AE76C000C2405C /* WebViewPracticeApp */ = {
			isa = PBXNativeTarget;
			buildConfigurationList = 10E0E57724AE76E600C2405C /* Build configuration list for PBXNativeTarget "WebViewPracticeApp" */;
			buildPhases = (
				10E0E55F24AE76C000C2405C /* Sources */,
				10E0E56024AE76C000C2405C /* Frameworks */,
				10E0E56124AE76C000C2405C /* Resources */,
			);
			buildRules = (
			);
			dependencies = (
			);
			name = WebViewPracticeApp;
			productName = WebViewPracticeApp;
			productReference = 10E0E56324AE76C000C2405C /* WebViewPracticeApp.app */;
			productType = "com.apple.product-type.application";
		};
/* End PBXNativeTarget section */

/* Begin PBXProject section */
		10E0E55B24AE76C000C2405C /* Project object */ = {
			isa = PBXProject;
			attributes = {
				LastSwiftUpdateCheck = 1150;
				LastUpgradeCheck = 1150;
				ORGANIZATIONNAME = JonathanShoemaker;
				TargetAttributes = {
					10E0E56224AE76C000C2405C = {
						CreatedOnToolsVersion = 11.5;
					};
				};
			};
			buildConfigurationList = 10E0E55E24AE76C000C2405C /* Build configuration list for PBXProject "WebViewPracticeApp" */;
			compatibilityVersion = "Xcode 9.3";
			developmentRegion = en;
			hasScannedForEncodings = 0;
			knownRegions = (
				en,
				Base,
			);
			mainGroup = 10E0E55A24AE76C000C2405C;
			productRefGroup = 10E0E56424AE76C000C2405C /* Products */;
			projectDirPath = "";
			projectRoot = "";
			targets = (
				10E0E56224AE76C000C2405C /* WebViewPracticeApp */,
			);
		};
/* End PBXProject section */

/* Begin PBXResourcesBuildPhase section */
		10E0E56124AE76C000C2405C /* Resources */ = {
			isa = PBXResourcesBuildPhase;
			buildActionMask = 2147483647;
			files = (
				10E0E57324AE76E600C2405C /* LaunchScreen.storyboard in Resources */,
				10E0E57024AE76E600C2405C /* Assets.xcassets in Resources */,
				10E0E56E24AE76C000C2405C /* Main.storyboard in Resources */,
			);
			runOnlyForDeploymentPostprocessing = 0;
		};
/* End PBXResourcesBuildPhase section */

/* Begin PBXSourcesBuildPhase section */
		10E0E55F24AE76C000C2405C /* Sources */ = {
			isa = PBXSourcesBuildPhase;
			buildActionMask = 2147483647;
			files = (
				10E0E56B24AE76C000C2405C /* ViewController.swift in Sources */,
				10E0E56724AE76C000C2405C /* AppDelegate.swift in Sources */,
				10E0E56924AE76C000C2405C /* SceneDelegate.swift in Sources */,
			);
			runOnlyForDeploymentPostprocessing = 0;
		};
/* End PBXSourcesBuildPhase section */

/* Begin PBXVariantGroup section */
		10E0E56C24AE76C000C2405C /* Main.storyboard */ = {
			isa = PBXVariantGroup;
			children = (
				10E0E56D24AE76C000C2405C /* Base */,
			);
			name = Main.storyboard;
			sourceTree = "<group>";
		};
		10E0E57124AE76E600C2405C /* LaunchScreen.storyboard */ = {
			isa = PBXVariantGroup;
			children = (
				10E0E57224AE76E600C2405C /* Base */,
			);
			name = LaunchScreen.storyboard;
			sourceTree = "<group>";
		};
/* End PBXVariantGroup section */

/* Begin XCBuildConfiguration section */
		10E0E57524AE76E600C2405C /* Debug */ = {
			isa = XCBuildConfiguration;
			buildSettings = {
				ALWAYS_SEARCH_USER_PATHS = NO;
				CLANG_ANALYZER_NONNULL = YES;
				CLANG_ANALYZER_NUMBER_OBJECT_CONVERSION = YES_AGGRESSIVE;
				CLANG_CXX_LANGUAGE_STANDARD = "gnu++14";
				CLANG_CXX_LIBRARY = "libc++";
				CLANG_ENABLE_MODULES = YES;
				CLANG_ENABLE_OBJC_ARC = YES;
				CLANG_ENABLE_OBJC_WEAK = YES;
				CLANG_WARN_BLOCK_CAPTURE_AUTORELEASING = YES;
				CLANG_WARN_BOOL_CONVERSION = YES;
				CLANG_WARN_COMMA = YES;
				CLANG_WARN_CONSTANT_CONVERSION = YES;
				CLANG_WARN_DEPRECATED_OBJC_IMPLEMENTATIONS = YES;
				CLANG_WARN_DIRECT_OBJC_ISA_USAGE = YES_ERROR;
				CLANG_WARN_DOCUMENTATION_COMMENTS = YES;
				CLANG_WARN_EMPTY_BODY = YES;
				CLANG_WARN_ENUM_CONVERSION = YES;
				CLANG_WARN_INFINITE_RECURSION = YES;
				CLANG_WARN_INT_CONVERSION = YES;
				CLANG_WARN_NON_LITERAL_NULL_CONVERSION = YES;
				CLANG_WARN_OBJC_IMPLICIT_RETAIN_SELF = YES;
				CLANG_WARN_OBJC_LITERAL_CONVERSION = YES;
				CLANG_WARN_OBJC_ROOT_CLASS = YES_ERROR;
				CLANG_WARN_RANGE_LOOP_ANALYSIS = YES;
				CLANG_WARN_STRICT_PROTOTYPES = YES;
				CLANG_WARN_SUSPICIOUS_MOVE = YES;
				CLANG_WARN_UNGUARDED_AVAILABILITY = YES_AGGRESSIVE;
				CLANG_WARN_UNREACHABLE_CODE = YES;
				CLANG_WARN__DUPLICATE_METHOD_MATCH = YES;
				COPY_PHASE_STRIP = NO;
				DEBUG_INFORMATION_FORMAT = dwarf;
				ENABLE_STRICT_OBJC_MSGSEND = YES;
				ENABLE_TESTABILITY = YES;
				GCC_C_LANGUAGE_STANDARD = gnu11;
				GCC_DYNAMIC_NO_PIC = NO;
				GCC_NO_COMMON_BLOCKS = YES;
				GCC_OPTIMIZATION_LEVEL = 0;
				GCC_PREPROCESSOR_DEFINITIONS = (
					"DEBUG=1",
					"$(inherited)",
				);
				GCC_WARN_64_TO_32_BIT_CONVERSION = YES;
				GCC_WARN_ABOUT_RETURN_TYPE = YES_ERROR;
				GCC_WARN_UNDECLARED_SELECTOR = YES;
				GCC_WARN_UNINITIALIZED_AUTOS = YES_AGGRESSIVE;
				GCC_WARN_UNUSED_FUNCTION = YES;
				GCC_WARN_UNUSED_VARIABLE = YES;
				IPHONEOS_DEPLOYMENT_TARGET = 13.5;
				MTL_ENABLE_DEBUG_INFO = INCLUDE_SOURCE;
				MTL_FAST_MATH = YES;
				ONLY_ACTIVE_ARCH = YES;
				SDKROOT = iphoneos;
				SWIFT_ACTIVE_COMPILATION_CONDITIONS = DEBUG;
				SWIFT_OPTIMIZATION_LEVEL = "-Onone";
			};
			name = Debug;
		};
		10E0E57624AE76E600C2405C /* Release */ = {
			isa = XCBuildConfiguration;
			buildSettings = {
				ALWAYS_SEARCH_USER_PATHS = NO;
				CLANG_ANALYZER_NONNULL = YES;
				CLANG_ANALYZER_NUMBER_OBJECT_CONVERSION = YES_AGGRESSIVE;
				CLANG_CXX_LANGUAGE_STANDARD = "gnu++14";
				CLANG_CXX_LIBRARY = "libc++";
				CLANG_ENABLE_MODULES = YES;
				CLANG_ENABLE_OBJC_ARC = YES;
				CLANG_ENABLE_OBJC_WEAK = YES;
				CLANG_WARN_BLOCK_CAPTURE_AUTORELEASING = YES;
				CLANG_WARN_BOOL_CONVERSION = YES;
				CLANG_WARN_COMMA = YES;
				CLANG_WARN_CONSTANT_CONVERSION = YES;
				CLANG_WARN_DEPRECATED_OBJC_IMPLEMENTATIONS = YES;
				CLANG_WARN_DIRECT_OBJC_ISA_USAGE = YES_ERROR;
				CLANG_WARN_DOCUMENTATION_COMMENTS = YES;
				CLANG_WARN_EMPTY_BODY = YES;
				CLANG_WARN_ENUM_CONVERSION = YES;
				CLANG_WARN_INFINITE_RECURSION = YES;
				CLANG_WARN_INT_CONVERSION = YES;
				CLANG_WARN_NON_LITERAL_NULL_CONVERSION = YES;
				CLANG_WARN_OBJC_IMPLICIT_RETAIN_SELF = YES;
				CLANG_WARN_OBJC_LITERAL_CONVERSION = YES;
				CLANG_WARN_OBJC_ROOT_CLASS = YES_ERROR;
				CLANG_WARN_RANGE_LOOP_ANALYSIS = YES;
				CLANG_WARN_STRICT_PROTOTYPES = YES;
				CLANG_WARN_SUSPICIOUS_MOVE = YES;
				CLANG_WARN_UNGUARDED_AVAILABILITY = YES_AGGRESSIVE;
				CLANG_WARN_UNREACHABLE_CODE = YES;
				CLANG_WARN__DUPLICATE_METHOD_MATCH = YES;
				COPY_PHASE_STRIP = NO;
				DEBUG_INFORMATION_FORMAT = "dwarf-with-dsym";
				ENABLE_NS_ASSERTIONS = NO;
				ENABLE_STRICT_OBJC_MSGSEND = YES;
				GCC_C_LANGUAGE_STANDARD = gnu11;
				GCC_NO_COMMON_BLOCKS = YES;
				GCC_WARN_64_TO_32_BIT_CONVERSION = YES;
				GCC_WARN_ABOUT_RETURN_TYPE = YES_ERROR;
				GCC_WARN_UNDECLARED_SELECTOR = YES;
				GCC_WARN_UNINITIALIZED_AUTOS = YES_AGGRESSIVE;
				GCC_WARN_UNUSED_FUNCTION = YES;
				GCC_WARN_UNUSED_VARIABLE = YES;
				IPHONEOS_DEPLOYMENT_TARGET = 13.5;
				MTL_ENABLE_DEBUG_INFO = NO;
				MTL_FAST_MATH = YES;
				SDKROOT = iphoneos;
				SWIFT_COMPILATION_MODE = wholemodule;
				SWIFT_OPTIMIZATION_LEVEL = "-O";
				VALIDATE_PRODUCT = YES;
			};
			name = Release;
		};
		10E0E57824AE76E600C2405C /* Debug */ = {
			isa = XCBuildConfiguration;
			buildSettings = {
				ASSETCATALOG_COMPILER_APPICON_NAME = AppIcon;
				CODE_SIGN_STYLE = Automatic;
				DEVELOPMENT_TEAM = 3PH7TXBF7V;
				INFOPLIST_FILE = WebViewPracticeApp/Info.plist;
				LD_RUNPATH_SEARCH_PATHS = (
					"$(inherited)",
					"@executable_path/Frameworks",
				);
				PRODUCT_BUNDLE_IDENTIFIER = com.syco1316.WebViewPracticeApp;
				PRODUCT_NAME = "$(TARGET_NAME)";
				SWIFT_VERSION = 5.0;
				TARGETED_DEVICE_FAMILY = "1,2";
			};
			name = Debug;
		};
		10E0E57924AE76E600C2405C /* Release */ = {
			isa = XCBuildConfiguration;
			buildSettings = {
				ASSETCATALOG_COMPILER_APPICON_NAME = AppIcon;
				CODE_SIGN_STYLE = Automatic;
				DEVELOPMENT_TEAM = 3PH7TXBF7V;
				INFOPLIST_FILE = WebViewPracticeApp/Info.plist;
				LD_RUNPATH_SEARCH_PATHS = (
					"$(inherited)",
					"@executable_path/Frameworks",
				);
				PRODUCT_BUNDLE_IDENTIFIER = com.syco1316.WebViewPracticeApp;
				PRODUCT_NAME = "$(TARGET_NAME)";
				SWIFT_VERSION = 5.0;
				TARGETED_DEVICE_FAMILY = "1,2";
			};
			name = Release;
		};
/* End XCBuildConfiguration section */

/* Begin XCConfigurationList section */
		10E0E55E24AE76C000C2405C /* Build configuration list for PBXProject "WebViewPracticeApp" */ = {
			isa = XCConfigurationList;
			buildConfigurations = (
				10E0E57524AE76E600C2405C /* Debug */,
				10E0E57624AE76E600C2405C /* Release */,
			);
			defaultConfigurationIsVisible = 0;
			defaultConfigurationName = Release;
		};
		10E0E57724AE76E600C2405C /* Build configuration list for PBXNativeTarget "WebViewPracticeApp" */ = {
			isa = XCConfigurationList;
			buildConfigurations = (
				10E0E57824AE76E600C2405C /* Debug */,
				10E0E57924AE76E600C2405C /* Release */,
			);
			defaultConfigurationIsVisible = 0;
			defaultConfigurationName = Release;
		};
/* End XCConfigurationList section */
	};
	rootObject = 10E0E55B24AE76C000C2405C /* Project object */;
}
